# THIS IS AN AUTOGENERATED FILE. DO NOT EDIT THIS FILE DIRECTLY.
# yarn lockfile v1


abstract-leveldown@^2.0.3:
  version "2.7.2"
  resolved "https://registry.yarnpkg.com/abstract-leveldown/-/abstract-leveldown-2.7.2.tgz#87a44d7ebebc341d59665204834c8b7e0932cc93"
  dependencies:
    xtend "~4.0.0"

abstract-leveldown@~0.12.0, abstract-leveldown@~0.12.1:
  version "0.12.4"
  resolved "https://registry.yarnpkg.com/abstract-leveldown/-/abstract-leveldown-0.12.4.tgz#29e18e632e60e4e221d5810247852a63d7b2e410"
  dependencies:
    xtend "~3.0.0"

abstract-leveldown@~2.6.0:
  version "2.6.3"
  resolved "https://registry.yarnpkg.com/abstract-leveldown/-/abstract-leveldown-2.6.3.tgz#1c5e8c6a5ef965ae8c35dfb3a8770c476b82c4b8"
  dependencies:
    xtend "~4.0.0"

acorn@^5.0.0:
  version "5.4.1"
  resolved "https://registry.yarnpkg.com/acorn/-/acorn-5.4.1.tgz#fdc58d9d17f4a4e98d102ded826a9b9759125102"

ansi-regex@^2.0.0:
  version "2.1.1"
  resolved "https://registry.yarnpkg.com/ansi-regex/-/ansi-regex-2.1.1.tgz#c3b33ab5ee360d86e0e628f0468ae7ef27d654df"

ansi-styles@^2.2.1:
  version "2.2.1"
  resolved "https://registry.yarnpkg.com/ansi-styles/-/ansi-styles-2.2.1.tgz#b432dd3358b634cf75e1e4664368240533c1ddbe"

array-from@^2.1.1:
  version "2.1.1"
  resolved "https://registry.yarnpkg.com/array-from/-/array-from-2.1.1.tgz#cfe9d8c26628b9dc5aecc62a9f5d8f1f352c1195"

"ascoltatori@git+https://github.com/Lucaszw/ascoltatori.git":
  version "4.1.0"
  resolved "git+https://github.com/Lucaszw/ascoltatori.git#10c9720840959c738dd552158c0d4ff8ae4fd14c"
  dependencies:
    debug "^2.2.0"
    qlobber "~0.7.0"
    steed "^1.1.3"
    uuid "^3.0.0"

async-cache@~1.1.0:
  version "1.1.0"
  resolved "https://registry.yarnpkg.com/async-cache/-/async-cache-1.1.0.tgz#4a9a5a89d065ec5d8e5254bd9ee96ba76c532b5a"
  dependencies:
    lru-cache "^4.0.0"

async-limiter@~1.0.0:
  version "1.0.0"
  resolved "https://registry.yarnpkg.com/async-limiter/-/async-limiter-1.0.0.tgz#78faed8c3d074ab81f22b4e985d79e8738f720f8"

backbone@^1.3.3:
  version "1.3.3"
  resolved "https://registry.yarnpkg.com/backbone/-/backbone-1.3.3.tgz#4cc80ea7cb1631ac474889ce40f2f8bc683b2999"
  dependencies:
    underscore ">=1.8.3"

balanced-match@^1.0.0:
  version "1.0.0"
  resolved "https://registry.yarnpkg.com/balanced-match/-/balanced-match-1.0.0.tgz#89b4d199ab2bee49de164ea02b89ce462d71b767"

bl@^0.9.1:
  version "0.9.5"
  resolved "https://registry.yarnpkg.com/bl/-/bl-0.9.5.tgz#c06b797af085ea00bc527afc8efcf11de2232054"
  dependencies:
    readable-stream "~1.0.26"

bl@^1.2.1, bl@~1.2.1:
  version "1.2.1"
  resolved "https://registry.yarnpkg.com/bl/-/bl-1.2.1.tgz#cac328f7bee45730d404b692203fcb590e172d5e"
  dependencies:
    readable-stream "^2.0.5"

bl@~0.8.1:
  version "0.8.2"
  resolved "https://registry.yarnpkg.com/bl/-/bl-0.8.2.tgz#c9b6bca08d1bc2ea00fc8afb4f1a5fd1e1c66e4e"
  dependencies:
    readable-stream "~1.0.26"

brace-expansion@^1.1.7:
  version "1.1.8"
  resolved "https://registry.yarnpkg.com/brace-expansion/-/brace-expansion-1.1.8.tgz#c07b211c7c952ec1f8efd51a77ef0d1d3990a292"
  dependencies:
    balanced-match "^1.0.0"
    concat-map "0.0.1"

brfs@~1.4.2:
  version "1.4.4"
  resolved "https://registry.yarnpkg.com/brfs/-/brfs-1.4.4.tgz#fc316bc4880180fa8ee25bcaab65f86910ce1dd5"
  dependencies:
    quote-stream "^1.0.1"
    resolve "^1.1.5"
    static-module "^2.1.1"
    through2 "^2.0.0"

buffer-equal@0.0.1:
  version "0.0.1"
  resolved "https://registry.yarnpkg.com/buffer-equal/-/buffer-equal-0.0.1.tgz#91bc74b11ea405bc916bc6aa908faafa5b4aac4b"

bytewise-core@^1.2.2:
  version "1.2.3"
  resolved "https://registry.yarnpkg.com/bytewise-core/-/bytewise-core-1.2.3.tgz#3fb410c7e91558eb1ab22a82834577aa6bd61d42"
  dependencies:
    typewise-core "^1.2"

bytewise@~1.1.0:
  version "1.1.0"
  resolved "https://registry.yarnpkg.com/bytewise/-/bytewise-1.1.0.tgz#1d13cbff717ae7158094aa881b35d081b387253e"
  dependencies:
    bytewise-core "^1.2.2"
    typewise "^1.0.3"

callback-stream@^1.0.2:
  version "1.1.0"
  resolved "https://registry.yarnpkg.com/callback-stream/-/callback-stream-1.1.0.tgz#4701a51266f06e06eaa71fc17233822d875f4908"
  dependencies:
    inherits "^2.0.1"
    readable-stream "> 1.0.0 < 3.0.0"

chalk@^1.1.1:
  version "1.1.3"
  resolved "https://registry.yarnpkg.com/chalk/-/chalk-1.1.3.tgz#a8115c55e4a702fe4d150abd3872822a7e09fc98"
  dependencies:
    ansi-styles "^2.2.1"
    escape-string-regexp "^1.0.2"
    has-ansi "^2.0.0"
    strip-ansi "^3.0.0"
    supports-color "^2.0.0"

clone@^1.0.2:
  version "1.0.3"
  resolved "https://registry.yarnpkg.com/clone/-/clone-1.0.3.tgz#298d7e2231660f40c003c2ed3140decf3f53085f"

commander@~2.9.0:
  version "2.9.0"
  resolved "https://registry.yarnpkg.com/commander/-/commander-2.9.0.tgz#9c99094176e12240cb22d6c5146098400fe0f7d4"
  dependencies:
    graceful-readlink ">= 1.0.0"

commist@^1.0.0:
  version "1.0.0"
  resolved "https://registry.yarnpkg.com/commist/-/commist-1.0.0.tgz#c0c352501cf6f52e9124e3ef89c9806e2022ebef"
  dependencies:
    leven "^1.0.0"
    minimist "^1.1.0"

concat-map@0.0.1:
  version "0.0.1"
  resolved "https://registry.yarnpkg.com/concat-map/-/concat-map-0.0.1.tgz#d8a96bd77fd68df7793a73036a3ba0d5405d477b"

concat-stream@^1.4.7, concat-stream@^1.6.0, concat-stream@~1.6.0:
  version "1.6.0"
  resolved "https://registry.yarnpkg.com/concat-stream/-/concat-stream-1.6.0.tgz#0aac662fd52be78964d5532f694784e70110acf7"
  dependencies:
    inherits "^2.0.3"
    readable-stream "^2.2.2"
    typedarray "^0.0.6"

core-util-is@~1.0.0:
  version "1.0.2"
  resolved "https://registry.yarnpkg.com/core-util-is/-/core-util-is-1.0.2.tgz#b5fd54220aa2bc5ab57aab7140c940754503c1a7"

debug@^2.2.0:
  version "2.6.9"
  resolved "https://registry.yarnpkg.com/debug/-/debug-2.6.9.tgz#5d128515df134ff327e90a4c93f4e077a536341f"
  dependencies:
    ms "2.0.0"

deep-is@~0.1.3:
  version "0.1.3"
  resolved "https://registry.yarnpkg.com/deep-is/-/deep-is-0.1.3.tgz#b369d6fb5dbc13eecf524f91b070feedc357cf34"

deepcopy@^0.6.1:
  version "0.6.3"
  resolved "https://registry.yarnpkg.com/deepcopy/-/deepcopy-0.6.3.tgz#634780f2f8656ab771af8fa8431ed1ccee55c7b0"

deferred-leveldown@~0.2.0:
  version "0.2.0"
  resolved "https://registry.yarnpkg.com/deferred-leveldown/-/deferred-leveldown-0.2.0.tgz#2cef1f111e1c57870d8bbb8af2650e587cd2f5b4"
  dependencies:
    abstract-leveldown "~0.12.1"

deferred-leveldown@~1.2.1:
  version "1.2.2"
  resolved "https://registry.yarnpkg.com/deferred-leveldown/-/deferred-leveldown-1.2.2.tgz#3acd2e0b75d1669924bc0a4b642851131173e1eb"
  dependencies:
    abstract-leveldown "~2.6.0"

define-properties@^1.1.2:
  version "1.1.2"
  resolved "https://registry.yarnpkg.com/define-properties/-/define-properties-1.1.2.tgz#83a73f2fea569898fb737193c8f873caf6d45c94"
  dependencies:
    foreach "^2.0.5"
    object-keys "^1.0.8"

duplexer2@~0.1.4:
  version "0.1.4"
  resolved "https://registry.yarnpkg.com/duplexer2/-/duplexer2-0.1.4.tgz#8b12dab878c0d69e3e7891051662a32fc6bddcc1"
  dependencies:
    readable-stream "^2.0.2"

duplexify@^3.2.0, duplexify@^3.5.1, duplexify@^3.5.3:
  version "3.5.3"
  resolved "https://registry.yarnpkg.com/duplexify/-/duplexify-3.5.3.tgz#8b5818800df92fd0125b27ab896491912858243e"
  dependencies:
    end-of-stream "^1.0.0"
    inherits "^2.0.1"
    readable-stream "^2.0.0"
    stream-shift "^1.0.0"

end-of-stream@^1.0.0, end-of-stream@^1.1.0:
  version "1.4.1"
  resolved "https://registry.yarnpkg.com/end-of-stream/-/end-of-stream-1.4.1.tgz#ed29634d19baba463b6ce6b80a37213eab71ec43"
  dependencies:
    once "^1.4.0"

errno@~0.1.1:
  version "0.1.6"
  resolved "https://registry.yarnpkg.com/errno/-/errno-0.1.6.tgz#c386ce8a6283f14fc09563b71560908c9bf53026"
  dependencies:
    prr "~1.0.1"

escape-string-regexp@^1.0.2:
  version "1.0.5"
  resolved "https://registry.yarnpkg.com/escape-string-regexp/-/escape-string-regexp-1.0.5.tgz#1b61c0562190a8dff6ae3bb2cf0200ca130b86d4"

escodegen@^1.8.1, escodegen@~1.9.0:
  version "1.9.0"
  resolved "https://registry.yarnpkg.com/escodegen/-/escodegen-1.9.0.tgz#9811a2f265dc1cd3894420ee3717064b632b8852"
  dependencies:
    esprima "^3.1.3"
    estraverse "^4.2.0"
    esutils "^2.0.2"
    optionator "^0.8.1"
  optionalDependencies:
    source-map "~0.5.6"

esprima@^3.1.3:
  version "3.1.3"
  resolved "https://registry.yarnpkg.com/esprima/-/esprima-3.1.3.tgz#fdca51cee6133895e3c88d535ce49dbff62a4633"

estraverse@^4.2.0:
  version "4.2.0"
  resolved "https://registry.yarnpkg.com/estraverse/-/estraverse-4.2.0.tgz#0dee3fed31fcd469618ce7342099fc1afa0bdb13"

esutils@^2.0.2:
  version "2.0.2"
  resolved "https://registry.yarnpkg.com/esutils/-/esutils-2.0.2.tgz#0abf4f1caa5bcb1f7a9d8acc6dea4faaa04bac9b"

eventemitter2@^5.0.1:
  version "5.0.1"
  resolved "https://registry.yarnpkg.com/eventemitter2/-/eventemitter2-5.0.1.tgz#6197a095d5fb6b57e8942f6fd7eaad63a09c9452"

extend@^3.0.0:
  version "3.0.1"
  resolved "https://registry.yarnpkg.com/extend/-/extend-3.0.1.tgz#a755ea7bc1adfcc5a31ce7e762dbaadc5e636444"

falafel@^2.1.0:
  version "2.1.0"
  resolved "https://registry.yarnpkg.com/falafel/-/falafel-2.1.0.tgz#96bb17761daba94f46d001738b3cedf3a67fe06c"
  dependencies:
    acorn "^5.0.0"
    foreach "^2.0.5"
    isarray "0.0.1"
    object-keys "^1.0.6"

fast-json-parse@^1.0.0:
  version "1.0.3"
  resolved "https://registry.yarnpkg.com/fast-json-parse/-/fast-json-parse-1.0.3.tgz#43e5c61ee4efa9265633046b770fb682a7577c4d"

fast-levenshtein@~2.0.4:
  version "2.0.6"
  resolved "https://registry.yarnpkg.com/fast-levenshtein/-/fast-levenshtein-2.0.6.tgz#3d8a5c66883a16a30ca8643e851f19baa7797917"

fast-safe-stringify@^1.0.8, fast-safe-stringify@^1.1.3:
  version "1.2.3"
  resolved "https://registry.yarnpkg.com/fast-safe-stringify/-/fast-safe-stringify-1.2.3.tgz#9fe22c37fb2f7f86f06b8f004377dbf8f1ee7bc1"

fastfall@^1.2.3, fastfall@^1.5.0:
  version "1.5.1"
  resolved "https://registry.yarnpkg.com/fastfall/-/fastfall-1.5.1.tgz#3fee03331a49d1d39b3cdf7a5e9cd66f475e7b94"
  dependencies:
    reusify "^1.0.0"

fastparallel@^2.2.0:
  version "2.3.0"
  resolved "https://registry.yarnpkg.com/fastparallel/-/fastparallel-2.3.0.tgz#1e709bfb6a03993f3857e3ce7f01311ce7602613"
  dependencies:
    reusify "^1.0.0"
    xtend "^4.0.1"

fastq@^1.3.0:
  version "1.5.0"
  resolved "https://registry.yarnpkg.com/fastq/-/fastq-1.5.0.tgz#05e32ffb999ec2d945dda27461bf08941436448b"
  dependencies:
    reusify "^1.0.0"

fastseries@^1.7.0:
  version "1.7.2"
  resolved "https://registry.yarnpkg.com/fastseries/-/fastseries-1.7.2.tgz#d22ce13b9433dff3388d91dbd6b8bda9b21a0f4b"
  dependencies:
    reusify "^1.0.0"
    xtend "^4.0.0"

fd@~0.0.2:
  version "0.0.2"
  resolved "https://registry.yarnpkg.com/fd/-/fd-0.0.2.tgz#e0edb2bd7a88cc86dd9f16391cba832418fd87ee"

flatstr@^1.0.4:
  version "1.0.5"
  resolved "https://registry.yarnpkg.com/flatstr/-/flatstr-1.0.5.tgz#5b451b08cbd48e2eac54a2bbe0bf46165aa14be3"

foreach@^2.0.5:
  version "2.0.5"
  resolved "https://registry.yarnpkg.com/foreach/-/foreach-2.0.5.tgz#0bee005018aeb260d0a3af3ae658dd0136ec1b99"

fs.realpath@^1.0.0:
  version "1.0.0"
  resolved "https://registry.yarnpkg.com/fs.realpath/-/fs.realpath-1.0.0.tgz#1504ad2523158caa40db4a2787cb01411994ea4f"

function-bind@^1.0.2, function-bind@^1.1.1:
  version "1.1.1"
  resolved "https://registry.yarnpkg.com/function-bind/-/function-bind-1.1.1.tgz#a56899d3ea3c9bab874bb9773b7c5ede92f4895d"

functional-red-black-tree@^1.0.1:
  version "1.0.1"
  resolved "https://registry.yarnpkg.com/functional-red-black-tree/-/functional-red-black-tree-1.0.1.tgz#1b0ab3bd553b2a0d6399d29c0e3ea0b252078327"

glob-parent@^3.1.0:
  version "3.1.0"
  resolved "https://registry.yarnpkg.com/glob-parent/-/glob-parent-3.1.0.tgz#9e6af6299d8d3bd2bd40430832bd113df906c5ae"
  dependencies:
    is-glob "^3.1.0"
    path-dirname "^1.0.0"

glob-stream@^6.1.0:
  version "6.1.0"
  resolved "https://registry.yarnpkg.com/glob-stream/-/glob-stream-6.1.0.tgz#7045c99413b3eb94888d83ab46d0b404cc7bdde4"
  dependencies:
    extend "^3.0.0"
    glob "^7.1.1"
    glob-parent "^3.1.0"
    is-negated-glob "^1.0.0"
    ordered-read-streams "^1.0.0"
    pumpify "^1.3.5"
    readable-stream "^2.1.5"
    remove-trailing-separator "^1.0.1"
    to-absolute-glob "^2.0.0"
    unique-stream "^2.0.2"

glob@^7.1.1:
  version "7.1.2"
  resolved "https://registry.yarnpkg.com/glob/-/glob-7.1.2.tgz#c19c9df9a028702d678612384a6552404c636d15"
  dependencies:
    fs.realpath "^1.0.0"
    inflight "^1.0.4"
    inherits "2"
    minimatch "^3.0.4"
    once "^1.3.0"
    path-is-absolute "^1.0.0"

graceful-fs@~4.1.11:
  version "4.1.11"
  resolved "https://registry.yarnpkg.com/graceful-fs/-/graceful-fs-4.1.11.tgz#0e8bdfe4d1ddb8854d64e04ea7c00e2a026e5658"

"graceful-readlink@>= 1.0.0":
  version "1.0.1"
  resolved "https://registry.yarnpkg.com/graceful-readlink/-/graceful-readlink-1.0.1.tgz#4cafad76bc62f02fa039b2f94e9a3dd3a391a725"

has-ansi@^2.0.0:
  version "2.0.0"
  resolved "https://registry.yarnpkg.com/has-ansi/-/has-ansi-2.0.0.tgz#34f5049ce1ecdf2b0649af3ef24e45ed35416d91"
  dependencies:
    ansi-regex "^2.0.0"

has-symbols@^1.0.0:
  version "1.0.0"
  resolved "https://registry.yarnpkg.com/has-symbols/-/has-symbols-1.0.0.tgz#ba1a8f1af2a0fc39650f5c850367704122063b44"

has@^1.0.1:
  version "1.0.1"
  resolved "https://registry.yarnpkg.com/has/-/has-1.0.1.tgz#8461733f538b0837c9361e39a9ab9e9704dc2f28"
  dependencies:
    function-bind "^1.0.2"

help-me@^1.0.0, help-me@^1.0.1:
  version "1.1.0"
  resolved "https://registry.yarnpkg.com/help-me/-/help-me-1.1.0.tgz#8f2d508d0600b4a456da2f086556e7e5c056a3c6"
  dependencies:
    callback-stream "^1.0.2"
    glob-stream "^6.1.0"
    through2 "^2.0.1"
    xtend "^4.0.0"

idb-wrapper@^1.5.0:
  version "1.7.2"
  resolved "https://registry.yarnpkg.com/idb-wrapper/-/idb-wrapper-1.7.2.tgz#8251afd5e77fe95568b1c16152eb44b396767ea2"

inflight@^1.0.4:
  version "1.0.6"
  resolved "https://registry.yarnpkg.com/inflight/-/inflight-1.0.6.tgz#49bd6331d7d02d0c09bc910a1075ba8165b56df9"
  dependencies:
    once "^1.3.0"
    wrappy "1"

inherits@2, inherits@^2.0.1, inherits@^2.0.3, inherits@~2.0.1, inherits@~2.0.3:
  version "2.0.3"
  resolved "https://registry.yarnpkg.com/inherits/-/inherits-2.0.3.tgz#633c2c83e3da42a502f52466022480f4208261de"

is-absolute@^1.0.0:
  version "1.0.0"
  resolved "https://registry.yarnpkg.com/is-absolute/-/is-absolute-1.0.0.tgz#395e1ae84b11f26ad1795e73c17378e48a301576"
  dependencies:
    is-relative "^1.0.0"
    is-windows "^1.0.1"

is-extglob@^2.1.0:
  version "2.1.1"
  resolved "https://registry.yarnpkg.com/is-extglob/-/is-extglob-2.1.1.tgz#a88c02535791f02ed37c76a1b9ea9773c833f8c2"

is-glob@^3.1.0:
  version "3.1.0"
  resolved "https://registry.yarnpkg.com/is-glob/-/is-glob-3.1.0.tgz#7ba5ae24217804ac70707b96922567486cc3e84a"
  dependencies:
    is-extglob "^2.1.0"

is-negated-glob@^1.0.0:
  version "1.0.0"
  resolved "https://registry.yarnpkg.com/is-negated-glob/-/is-negated-glob-1.0.0.tgz#6910bca5da8c95e784b5751b976cf5a10fee36d2"

is-relative@^1.0.0:
  version "1.0.0"
  resolved "https://registry.yarnpkg.com/is-relative/-/is-relative-1.0.0.tgz#a1bb6935ce8c5dba1e8b9754b9b2dcc020e2260d"
  dependencies:
    is-unc-path "^1.0.0"

is-unc-path@^1.0.0:
  version "1.0.0"
  resolved "https://registry.yarnpkg.com/is-unc-path/-/is-unc-path-1.0.0.tgz#d731e8898ed090a12c352ad2eaed5095ad322c9d"
  dependencies:
    unc-path-regex "^0.1.2"

is-windows@^1.0.1:
  version "1.0.1"
  resolved "https://registry.yarnpkg.com/is-windows/-/is-windows-1.0.1.tgz#310db70f742d259a16a369202b51af84233310d9"

isarray@0.0.1:
  version "0.0.1"
  resolved "https://registry.yarnpkg.com/isarray/-/isarray-0.0.1.tgz#8a18acfca9a8f4177e09abfc6038939b05d1eedf"

isarray@~1.0.0:
  version "1.0.0"
  resolved "https://registry.yarnpkg.com/isarray/-/isarray-1.0.0.tgz#bb935d48582cba168c06834957a54a3e07124f11"

isbuffer@~0.0.0:
  version "0.0.0"
  resolved "https://registry.yarnpkg.com/isbuffer/-/isbuffer-0.0.0.tgz#38c146d9df528b8bf9b0701c3d43cf12df3fc39b"

json-buffer@~2.0.11:
  version "2.0.11"
  resolved "https://registry.yarnpkg.com/json-buffer/-/json-buffer-2.0.11.tgz#3e441fda3098be8d1e3171ad591bc62a33e2d55f"

json-stable-stringify@^1.0.0:
  version "1.0.1"
  resolved "https://registry.yarnpkg.com/json-stable-stringify/-/json-stable-stringify-1.0.1.tgz#9a759d39c5f2ff503fd5300646ed445f88c4f9af"
  dependencies:
    jsonify "~0.0.0"

jsonify@~0.0.0:
  version "0.0.0"
  resolved "https://registry.yarnpkg.com/jsonify/-/jsonify-0.0.0.tgz#2c74b6ee41d93ca51b7b5aaee8f503631d252a73"

jsonschema@^1.0.3:
  version "1.2.2"
  resolved "https://registry.yarnpkg.com/jsonschema/-/jsonschema-1.2.2.tgz#83ab9c63d65bf4d596f91d81195e78772f6452bc"

level-codec@~7.0.0:
  version "7.0.1"
  resolved "https://registry.yarnpkg.com/level-codec/-/level-codec-7.0.1.tgz#341f22f907ce0f16763f24bddd681e395a0fb8a7"

level-errors@^1.0.3:
  version "1.1.2"
  resolved "https://registry.yarnpkg.com/level-errors/-/level-errors-1.1.2.tgz#4399c2f3d3ab87d0625f7e3676e2d807deff404d"
  dependencies:
    errno "~0.1.1"

level-errors@~1.0.3:
  version "1.0.5"
  resolved "https://registry.yarnpkg.com/level-errors/-/level-errors-1.0.5.tgz#83dbfb12f0b8a2516bdc9a31c4876038e227b859"
  dependencies:
    errno "~0.1.1"

level-iterator-stream@~1.3.0:
  version "1.3.1"
  resolved "https://registry.yarnpkg.com/level-iterator-stream/-/level-iterator-stream-1.3.1.tgz#e43b78b1a8143e6fa97a4f485eb8ea530352f2ed"
  dependencies:
    inherits "^2.0.1"
    level-errors "^1.0.3"
    readable-stream "^1.0.33"
    xtend "^4.0.0"

level-js@^2.2.4:
  version "2.2.4"
  resolved "https://registry.yarnpkg.com/level-js/-/level-js-2.2.4.tgz#bc055f4180635d4489b561c9486fa370e8c11697"
  dependencies:
    abstract-leveldown "~0.12.0"
    idb-wrapper "^1.5.0"
    isbuffer "~0.0.0"
    ltgt "^2.1.2"
    typedarray-to-buffer "~1.0.0"
    xtend "~2.1.2"

level-post@~1.0.3:
  version "1.0.5"
  resolved "https://registry.yarnpkg.com/level-post/-/level-post-1.0.5.tgz#2a66390409bf6a1621a444bab6f016444cc9802c"
  dependencies:
    ltgt "^2.1.2"

level-sublevel@^6.5.2:
  version "6.6.1"
  resolved "https://registry.yarnpkg.com/level-sublevel/-/level-sublevel-6.6.1.tgz#f9a77f7521ab70a8f8e92ed56f21a3c7886a4485"
  dependencies:
    bytewise "~1.1.0"
    levelup "~0.19.0"
    ltgt "~2.1.1"
    pull-level "^2.0.3"
    pull-stream "^3.4.5"
    typewiselite "~1.0.0"
    xtend "~4.0.0"

levelup@^1.3.8:
  version "1.3.9"
  resolved "https://registry.yarnpkg.com/levelup/-/levelup-1.3.9.tgz#2dbcae845b2bb2b6bea84df334c475533bbd82ab"
  dependencies:
    deferred-leveldown "~1.2.1"
    level-codec "~7.0.0"
    level-errors "~1.0.3"
    level-iterator-stream "~1.3.0"
    prr "~1.0.1"
    semver "~5.4.1"
    xtend "~4.0.0"

levelup@~0.19.0:
  version "0.19.1"
  resolved "https://registry.yarnpkg.com/levelup/-/levelup-0.19.1.tgz#f3a6a7205272c4b5f35e412ff004a03a0aedf50b"
  dependencies:
    bl "~0.8.1"
    deferred-leveldown "~0.2.0"
    errno "~0.1.1"
    prr "~0.0.0"
    readable-stream "~1.0.26"
    semver "~5.1.0"
    xtend "~3.0.0"

leven@^1.0.0:
  version "1.0.2"
  resolved "https://registry.yarnpkg.com/leven/-/leven-1.0.2.tgz#9144b6eebca5f1d0680169f1a6770dcea60b75c3"

levn@~0.3.0:
  version "0.3.0"
  resolved "https://registry.yarnpkg.com/levn/-/levn-0.3.0.tgz#3b09924edf9f083c0490fdd4c0bc4421e04764ee"
  dependencies:
    prelude-ls "~1.1.2"
    type-check "~0.3.2"

lodash@^4.17.4:
  version "4.17.5"
  resolved "https://registry.yarnpkg.com/lodash/-/lodash-4.17.5.tgz#99a92d65c0272debe8c96b6057bc8fbfa3bed511"

looper@^2.0.0:
  version "2.0.0"
  resolved "https://registry.yarnpkg.com/looper/-/looper-2.0.0.tgz#66cd0c774af3d4fedac53794f742db56da8f09ec"

looper@^3.0.0:
  version "3.0.0"
  resolved "https://registry.yarnpkg.com/looper/-/looper-3.0.0.tgz#2efa54c3b1cbaba9b94aee2e5914b0be57fbb749"

lru-cache@^4.0.0:
  version "4.1.1"
  resolved "https://registry.yarnpkg.com/lru-cache/-/lru-cache-4.1.1.tgz#622e32e82488b49279114a4f9ecf45e7cd6bba55"
  dependencies:
    pseudomap "^1.0.2"
    yallist "^2.1.2"

lru-cache@~4.0.0:
  version "4.0.2"
  resolved "https://registry.yarnpkg.com/lru-cache/-/lru-cache-4.0.2.tgz#1d17679c069cda5d040991a09dbc2c0db377e55e"
  dependencies:
    pseudomap "^1.0.1"
    yallist "^2.0.0"

ltgt@^2.1.2:
  version "2.2.0"
  resolved "https://registry.yarnpkg.com/ltgt/-/ltgt-2.2.0.tgz#b65ba5fcb349a29924c8e333f7c6a5562f2e4842"

ltgt@~1.0.2:
  version "1.0.2"
  resolved "https://registry.yarnpkg.com/ltgt/-/ltgt-1.0.2.tgz#e6817eb29ad204fc0c9e96ef8b0fee98ef6b9aa3"

ltgt@~2.1.1:
  version "2.1.3"
  resolved "https://registry.yarnpkg.com/ltgt/-/ltgt-2.1.3.tgz#10851a06d9964b971178441c23c9e52698eece34"

memdown@~1.1.1:
  version "1.1.2"
  resolved "https://registry.yarnpkg.com/memdown/-/memdown-1.1.2.tgz#3b8c24580db23e47b3c672f2ccf0b193187844cb"
  dependencies:
    abstract-leveldown "^2.0.3"
    functional-red-black-tree "^1.0.1"
    inherits "~2.0.1"
    ltgt "~1.0.2"

mime@~1.4.1:
  version "1.4.1"
  resolved "https://registry.yarnpkg.com/mime/-/mime-1.4.1.tgz#121f9ebc49e3766f311a76e1fa1c8003c4b03aa6"

minimatch@^3.0.4, minimatch@~3.0.0:
  version "3.0.4"
  resolved "https://registry.yarnpkg.com/minimatch/-/minimatch-3.0.4.tgz#5166e286457f03306064be5497e8dbb0c3d32083"
  dependencies:
    brace-expansion "^1.1.7"

minimist@^1.1.0, minimist@^1.1.3, minimist@^1.2.0:
  version "1.2.0"
  resolved "https://registry.yarnpkg.com/minimist/-/minimist-1.2.0.tgz#a35008b20f41383eec1fb914f4cd5df79a264284"

"mosca@git+https://github.com/Lucaszw/mosca.git":
  version "2.7.0"
  resolved "git+https://github.com/Lucaszw/mosca.git#ac82d7e03c740ff97417f65fff48dc8d144a7240"
  dependencies:
    array-from "^2.1.1"
    ascoltatori "git+https://github.com/Lucaszw/ascoltatori.git"
    brfs "~1.4.2"
    clone "^1.0.2"
    commander "~2.9.0"
    deepcopy "^0.6.1"
    extend "^3.0.0"
    json-buffer "~2.0.11"
    jsonschema "^1.0.3"
    level-sublevel "^6.5.2"
    levelup "^1.3.8"
    lru-cache "~4.0.0"
    memdown "~1.1.1"
    minimatch "~3.0.0"
    moving-average "0.1.1"
    mqtt "^1.6.3"
    mqtt-connection "^2.1.1"
    msgpack5 "^3.3.0"
    nanoid "^0.2.2"
    pbkdf2-password "^1.1.0"
    pino "^2.4.2"
    qlobber "~0.7.0"
    retimer "^1.0.1"
    st "^1.1.0"
    steed "^1.0.0"
    uuid "^2.0.1"
    websocket-stream "~3.1.0"

moving-average@0.1.1:
  version "0.1.1"
  resolved "https://registry.yarnpkg.com/moving-average/-/moving-average-0.1.1.tgz#9b19c376978e21b945ed777678ed954d4b7b5475"

mqtt-connection@^2.0.0, mqtt-connection@^2.1.1:
  version "2.1.1"
  resolved "https://registry.yarnpkg.com/mqtt-connection/-/mqtt-connection-2.1.1.tgz#7b2e985a74e196619430bebd35da162c34c4e56a"
  dependencies:
    inherits "^2.0.1"
    mqtt-packet "^3.0.0"
    reduplexer "^1.1.0"
    through2 "^0.6.3"

mqtt-packet@^3.0.0, mqtt-packet@^3.4.7:
  version "3.4.8"
  resolved "https://registry.yarnpkg.com/mqtt-packet/-/mqtt-packet-3.4.8.tgz#965774aa45952f16392f9accaac5d0bf511fa1a5"
  dependencies:
    bl "^0.9.1"
    inherits "^2.0.1"

mqtt-packet@^5.4.0:
  version "5.4.0"
  resolved "https://registry.yarnpkg.com/mqtt-packet/-/mqtt-packet-5.4.0.tgz#387104c06aa68fbb9f8159d0c722dd5c3e45df22"
  dependencies:
    bl "^1.2.1"
    inherits "^2.0.3"
    process-nextick-args "^1.0.7"
    safe-buffer "^5.1.0"

mqtt@^1.6.3:
  version "1.14.1"
  resolved "https://registry.yarnpkg.com/mqtt/-/mqtt-1.14.1.tgz#7e376987153d01793e946d26d46122ebf0c03554"
  dependencies:
    commist "^1.0.0"
    concat-stream "^1.4.7"
    end-of-stream "^1.1.0"
    help-me "^1.0.0"
    inherits "^2.0.1"
    minimist "^1.1.0"
    mqtt-connection "^2.0.0"
    mqtt-packet "^3.4.7"
    pump "^1.0.1"
    readable-stream "~1.0.2"
    reinterval "^1.0.1"
    split2 "^2.0.1"
    websocket-stream "^3.0.1"
    xtend "^4.0.0"

mqtt@^2.15.1:
  version "2.15.1"
  resolved "https://registry.yarnpkg.com/mqtt/-/mqtt-2.15.1.tgz#86fc34e387495df60cd0ccb75cd97743344a4b28"
  dependencies:
    commist "^1.0.0"
    concat-stream "^1.6.0"
    end-of-stream "^1.1.0"
    help-me "^1.0.1"
    inherits "^2.0.3"
    minimist "^1.2.0"
    mqtt-packet "^5.4.0"
    pump "^2.0.0"
    readable-stream "^2.3.3"
    reinterval "^1.1.0"
    split2 "^2.1.1"
    websocket-stream "^5.0.1"
    xtend "^4.0.1"

ms@2.0.0:
  version "2.0.0"
  resolved "https://registry.yarnpkg.com/ms/-/ms-2.0.0.tgz#5608aeadfc00be6c2901df5f9861788de0d597c8"

msgpack5@^3.3.0:
  version "3.6.0"
  resolved "https://registry.yarnpkg.com/msgpack5/-/msgpack5-3.6.0.tgz#13912ee47cb0ad037f70def7924ebf38afa19b4f"
  dependencies:
    bl "^1.2.1"
    inherits "^2.0.3"
    readable-stream "^2.3.3"
    safe-buffer "^5.1.1"

nanoid@^0.2.2:
  version "0.2.2"
  resolved "https://registry.yarnpkg.com/nanoid/-/nanoid-0.2.2.tgz#e2ebc6ad3db5e0454fd8124d30ca39b06555fe56"

negotiator@~0.6.1:
  version "0.6.1"
  resolved "https://registry.yarnpkg.com/negotiator/-/negotiator-0.6.1.tgz#2b327184e8992101177b28563fb5e7102acd0ca9"

object-inspect@~1.4.0:
  version "1.4.1"
  resolved "https://registry.yarnpkg.com/object-inspect/-/object-inspect-1.4.1.tgz#37ffb10e71adaf3748d05f713b4c9452f402cbc4"

object-keys@^1.0.11, object-keys@^1.0.6, object-keys@^1.0.8:
  version "1.0.11"
  resolved "https://registry.yarnpkg.com/object-keys/-/object-keys-1.0.11.tgz#c54601778ad560f1142ce0e01bcca8b56d13426d"

object-keys@~0.4.0:
  version "0.4.0"
  resolved "https://registry.yarnpkg.com/object-keys/-/object-keys-0.4.0.tgz#28a6aae7428dd2c3a92f3d95f21335dd204e0336"

object.assign@^4.0.4:
  version "4.1.0"
  resolved "https://registry.yarnpkg.com/object.assign/-/object.assign-4.1.0.tgz#968bf1100d7956bb3ca086f006f846b3bc4008da"
  dependencies:
    define-properties "^1.1.2"
    function-bind "^1.1.1"
    has-symbols "^1.0.0"
    object-keys "^1.0.11"

once@^1.3.0, once@^1.3.1, once@^1.3.3, once@^1.4.0:
  version "1.4.0"
  resolved "https://registry.yarnpkg.com/once/-/once-1.4.0.tgz#583b1aa775961d4b113ac17d9c50baef9dd76bd1"
  dependencies:
    wrappy "1"

optionator@^0.8.1:
  version "0.8.2"
  resolved "https://registry.yarnpkg.com/optionator/-/optionator-0.8.2.tgz#364c5e409d3f4d6301d6c0b4c05bba50180aeb64"
  dependencies:
    deep-is "~0.1.3"
    fast-levenshtein "~2.0.4"
    levn "~0.3.0"
    prelude-ls "~1.1.2"
    type-check "~0.3.2"
    wordwrap "~1.0.0"

options@>=0.0.5:
  version "0.0.6"
  resolved "https://registry.yarnpkg.com/options/-/options-0.0.6.tgz#ec22d312806bb53e731773e7cdaefcf1c643128f"

ordered-read-streams@^1.0.0:
  version "1.0.1"
  resolved "https://registry.yarnpkg.com/ordered-read-streams/-/ordered-read-streams-1.0.1.tgz#77c0cb37c41525d64166d990ffad7ec6a0e1363e"
  dependencies:
    readable-stream "^2.0.1"

path-dirname@^1.0.0:
  version "1.0.2"
  resolved "https://registry.yarnpkg.com/path-dirname/-/path-dirname-1.0.2.tgz#cc33d24d525e099a5388c0336c6e32b9160609e0"

path-is-absolute@^1.0.0:
  version "1.0.1"
  resolved "https://registry.yarnpkg.com/path-is-absolute/-/path-is-absolute-1.0.1.tgz#174b9268735534ffbc7ace6bf53a5a9e1b5c5f5f"

path-parse@^1.0.5:
  version "1.0.5"
  resolved "https://registry.yarnpkg.com/path-parse/-/path-parse-1.0.5.tgz#3c1adf871ea9cd6c9431b6ea2bd74a0ff055c4c1"

pbkdf2-password@^1.1.0:
  version "1.2.1"
  resolved "https://registry.yarnpkg.com/pbkdf2-password/-/pbkdf2-password-1.2.1.tgz#9f74513a155fd38d4d6b5c8414d3955dd26ca6ee"
  dependencies:
    fastfall "^1.2.3"

pino@^2.4.2:
  version "2.16.0"
  resolved "https://registry.yarnpkg.com/pino/-/pino-2.16.0.tgz#51ab831b9b459330e7fff5edb75b20973ca94703"
  dependencies:
    chalk "^1.1.1"
    fast-json-parse "^1.0.0"
    fast-safe-stringify "^1.1.3"
    flatstr "^1.0.4"
    object.assign "^4.0.4"
    once "^1.3.3"
    quick-format-unescaped "^1.0.0"
    split2 "^2.0.1"

prelude-ls@~1.1.2:
  version "1.1.2"
  resolved "https://registry.yarnpkg.com/prelude-ls/-/prelude-ls-1.1.2.tgz#21932a549f5e52ffd9a827f570e04be62a97da54"

process-nextick-args@^1.0.7, process-nextick-args@~1.0.6:
  version "1.0.7"
  resolved "https://registry.yarnpkg.com/process-nextick-args/-/process-nextick-args-1.0.7.tgz#150e20b756590ad3f91093f25a4f2ad8bff30ba3"

prr@~0.0.0:
  version "0.0.0"
  resolved "https://registry.yarnpkg.com/prr/-/prr-0.0.0.tgz#1a84b85908325501411853d0081ee3fa86e2926a"

prr@~1.0.1:
  version "1.0.1"
  resolved "https://registry.yarnpkg.com/prr/-/prr-1.0.1.tgz#d3fc114ba06995a45ec6893f484ceb1d78f5f476"

pseudomap@^1.0.1, pseudomap@^1.0.2:
  version "1.0.2"
  resolved "https://registry.yarnpkg.com/pseudomap/-/pseudomap-1.0.2.tgz#f052a28da70e618917ef0a8ac34c1ae5a68286b3"

pull-cat@^1.1.9:
  version "1.1.11"
  resolved "https://registry.yarnpkg.com/pull-cat/-/pull-cat-1.1.11.tgz#b642dd1255da376a706b6db4fa962f5fdb74c31b"

pull-level@^2.0.3:
  version "2.0.3"
  resolved "https://registry.yarnpkg.com/pull-level/-/pull-level-2.0.3.tgz#9500635e257945d6feede185f5d7a24773455b17"
  dependencies:
    level-post "~1.0.3"
    pull-cat "^1.1.9"
    pull-live "^1.0.1"
    pull-pushable "^2.0.0"
    pull-stream "^3.4.0"
    pull-window "^2.1.4"
    stream-to-pull-stream "^1.7.1"

pull-live@^1.0.1:
  version "1.0.1"
  resolved "https://registry.yarnpkg.com/pull-live/-/pull-live-1.0.1.tgz#a4ecee01e330155e9124bbbcf4761f21b38f51f5"
  dependencies:
    pull-cat "^1.1.9"
    pull-stream "^3.4.0"

pull-pushable@^2.0.0:
  version "2.1.2"
  resolved "https://registry.yarnpkg.com/pull-pushable/-/pull-pushable-2.1.2.tgz#3fe15b8f7eec89f3972d238bc04890c9405a6dbb"

pull-stream@^3.2.3, pull-stream@^3.4.0, pull-stream@^3.4.5:
  version "3.6.1"
  resolved "https://registry.yarnpkg.com/pull-stream/-/pull-stream-3.6.1.tgz#c5c2ae4a51246efeebcc65c0412a3d725a92ce00"

pull-window@^2.1.4:
  version "2.1.4"
  resolved "https://registry.yarnpkg.com/pull-window/-/pull-window-2.1.4.tgz#fc3b86feebd1920c7ae297691e23f705f88552f0"
  dependencies:
    looper "^2.0.0"

pump@^1.0.1:
  version "1.0.3"
  resolved "https://registry.yarnpkg.com/pump/-/pump-1.0.3.tgz#5dfe8311c33bbf6fc18261f9f34702c47c08a954"
  dependencies:
    end-of-stream "^1.1.0"
    once "^1.3.1"

pump@^2.0.0:
  version "2.0.1"
  resolved "https://registry.yarnpkg.com/pump/-/pump-2.0.1.tgz#12399add6e4cf7526d973cbc8b5ce2e2908b3909"
  dependencies:
    end-of-stream "^1.1.0"
    once "^1.3.1"

pumpify@^1.3.5:
  version "1.4.0"
  resolved "https://registry.yarnpkg.com/pumpify/-/pumpify-1.4.0.tgz#80b7c5df7e24153d03f0e7ac8a05a5d068bd07fb"
  dependencies:
    duplexify "^3.5.3"
    inherits "^2.0.3"
    pump "^2.0.0"

qlobber@~0.7.0:
  version "0.7.0"
  resolved "https://registry.yarnpkg.com/qlobber/-/qlobber-0.7.0.tgz#0229b635cd7d20ad7b3acf298da6d2b94f0e34cf"

quick-format-unescaped@^1.0.0:
  version "1.1.2"
  resolved "https://registry.yarnpkg.com/quick-format-unescaped/-/quick-format-unescaped-1.1.2.tgz#0ca581de3174becef25ac3c2e8956342381db698"
  dependencies:
    fast-safe-stringify "^1.0.8"

quote-stream@^1.0.1, quote-stream@~1.0.2:
  version "1.0.2"
  resolved "https://registry.yarnpkg.com/quote-stream/-/quote-stream-1.0.2.tgz#84963f8c9c26b942e153feeb53aae74652b7e0b2"
  dependencies:
    buffer-equal "0.0.1"
    minimist "^1.1.3"
    through2 "^2.0.0"

"readable-stream@> 1.0.0 < 3.0.0", readable-stream@^2.0.0, readable-stream@^2.0.1, readable-stream@^2.0.2, readable-stream@^2.0.5, readable-stream@^2.1.5, readable-stream@^2.2.2, readable-stream@^2.3.3, readable-stream@~2.3.3:
  version "2.3.3"
  resolved "https://registry.yarnpkg.com/readable-stream/-/readable-stream-2.3.3.tgz#368f2512d79f9d46fdfc71349ae7878bbc1eb95c"
  dependencies:
    core-util-is "~1.0.0"
    inherits "~2.0.3"
    isarray "~1.0.0"
    process-nextick-args "~1.0.6"
    safe-buffer "~5.1.1"
    string_decoder "~1.0.3"
    util-deprecate "~1.0.1"

"readable-stream@>=1.0.33-1 <1.1.0-0", readable-stream@~1.0.2, readable-stream@~1.0.26, readable-stream@~1.0.26-2:
  version "1.0.34"
  resolved "https://registry.yarnpkg.com/readable-stream/-/readable-stream-1.0.34.tgz#125820e34bc842d2f2aaafafe4c2916ee32c157c"
  dependencies:
    core-util-is "~1.0.0"
    inherits "~2.0.1"
    isarray "0.0.1"
    string_decoder "~0.10.x"

readable-stream@^1.0.33:
  version "1.1.14"
  resolved "https://registry.yarnpkg.com/readable-stream/-/readable-stream-1.1.14.tgz#7cf4c54ef648e3813084c636dd2079e166c081d9"
  dependencies:
    core-util-is "~1.0.0"
    inherits "~2.0.1"
    isarray "0.0.1"
    string_decoder "~0.10.x"

reduplexer@^1.1.0:
  version "1.1.0"
  resolved "https://registry.yarnpkg.com/reduplexer/-/reduplexer-1.1.0.tgz#7dfed18a679e749c1d7ad36de01acb515f08e140"
  dependencies:
    inherits "^2.0.1"
    readable-stream "~1.0.26-2"

reinterval@^1.0.1, reinterval@^1.1.0:
  version "1.1.0"
  resolved "https://registry.yarnpkg.com/reinterval/-/reinterval-1.1.0.tgz#3361ecfa3ca6c18283380dd0bb9546f390f5ece7"

remove-trailing-separator@^1.0.1:
  version "1.1.0"
  resolved "https://registry.yarnpkg.com/remove-trailing-separator/-/remove-trailing-separator-1.1.0.tgz#c24bce2a283adad5bc3f58e0d48249b92379d8ef"

resolve@^1.1.5:
  version "1.5.0"
  resolved "https://registry.yarnpkg.com/resolve/-/resolve-1.5.0.tgz#1f09acce796c9a762579f31b2c1cc4c3cddf9f36"
  dependencies:
    path-parse "^1.0.5"

retimer@^1.0.1:
  version "1.1.0"
  resolved "https://registry.yarnpkg.com/retimer/-/retimer-1.1.0.tgz#8cb2cec5cc200c245622e943aa11549f25c5ed2c"

reusify@^1.0.0:
  version "1.0.4"
  resolved "https://registry.yarnpkg.com/reusify/-/reusify-1.0.4.tgz#90da382b1e126efc02146e90845a88db12925d76"

safe-buffer@^5.1.0, safe-buffer@^5.1.1, safe-buffer@~5.1.0, safe-buffer@~5.1.1:
  version "5.1.1"
  resolved "https://registry.yarnpkg.com/safe-buffer/-/safe-buffer-5.1.1.tgz#893312af69b2123def71f57889001671eeb2c853"

semver@~5.1.0:
  version "5.1.1"
  resolved "https://registry.yarnpkg.com/semver/-/semver-5.1.1.tgz#a3292a373e6f3e0798da0b20641b9a9c5bc47e19"

semver@~5.4.1:
  version "5.4.1"
  resolved "https://registry.yarnpkg.com/semver/-/semver-5.4.1.tgz#e059c09d8571f0540823733433505d3a2f00b18e"

shallow-copy@~0.0.1:
  version "0.0.1"
  resolved "https://registry.yarnpkg.com/shallow-copy/-/shallow-copy-0.0.1.tgz#415f42702d73d810330292cc5ee86eae1a11a170"

source-map@~0.5.6:
  version "0.5.7"
  resolved "https://registry.yarnpkg.com/source-map/-/source-map-0.5.7.tgz#8a039d2d1021d22d1ea14c80d8ea468ba2ef3fcc"

split2@^2.0.1, split2@^2.1.1:
  version "2.2.0"
  resolved "https://registry.yarnpkg.com/split2/-/split2-2.2.0.tgz#186b2575bcf83e85b7d18465756238ee4ee42493"
  dependencies:
    through2 "^2.0.2"

st@^1.1.0:
  version "1.2.2"
  resolved "https://registry.yarnpkg.com/st/-/st-1.2.2.tgz#b95554f41b457bf0ed1c48f2bad8fccff894b14f"
  dependencies:
    async-cache "~1.1.0"
    bl "~1.2.1"
    fd "~0.0.2"
    mime "~1.4.1"
    negotiator "~0.6.1"
  optionalDependencies:
    graceful-fs "~4.1.11"

static-eval@^2.0.0:
  version "2.0.0"
  resolved "https://registry.yarnpkg.com/static-eval/-/static-eval-2.0.0.tgz#0e821f8926847def7b4b50cda5d55c04a9b13864"
  dependencies:
    escodegen "^1.8.1"

static-module@^2.1.1:
  version "2.1.1"
  resolved "https://registry.yarnpkg.com/static-module/-/static-module-2.1.1.tgz#c771f827177507aff941be65a00fb85c210aa668"
  dependencies:
    concat-stream "~1.6.0"
    duplexer2 "~0.1.4"
    escodegen "~1.9.0"
    falafel "^2.1.0"
    has "^1.0.1"
    object-inspect "~1.4.0"
    quote-stream "~1.0.2"
    readable-stream "~2.3.3"
    shallow-copy "~0.0.1"
    static-eval "^2.0.0"
    through2 "~2.0.3"

steed@^1.0.0, steed@^1.1.3:
  version "1.1.3"
  resolved "https://registry.yarnpkg.com/steed/-/steed-1.1.3.tgz#f1525dd5adb12eb21bf74749537668d625b9abc5"
  dependencies:
    fastfall "^1.5.0"
    fastparallel "^2.2.0"
    fastq "^1.3.0"
    fastseries "^1.7.0"
    reusify "^1.0.0"

stream-shift@^1.0.0:
  version "1.0.0"
  resolved "https://registry.yarnpkg.com/stream-shift/-/stream-shift-1.0.0.tgz#d5c752825e5367e786f78e18e445ea223a155952"

stream-to-pull-stream@^1.7.1:
  version "1.7.2"
  resolved "https://registry.yarnpkg.com/stream-to-pull-stream/-/stream-to-pull-stream-1.7.2.tgz#757609ae1cebd33c7432d4afbe31ff78650b9dde"
  dependencies:
    looper "^3.0.0"
    pull-stream "^3.2.3"

string_decoder@~0.10.x:
  version "0.10.31"
  resolved "https://registry.yarnpkg.com/string_decoder/-/string_decoder-0.10.31.tgz#62e203bc41766c6c28c9fc84301dab1c5310fa94"

string_decoder@~1.0.3:
  version "1.0.3"
  resolved "https://registry.yarnpkg.com/string_decoder/-/string_decoder-1.0.3.tgz#0fc67d7c141825de94282dd536bec6b9bce860ab"
  dependencies:
    safe-buffer "~5.1.0"

strip-ansi@^3.0.0:
  version "3.0.1"
  resolved "https://registry.yarnpkg.com/strip-ansi/-/strip-ansi-3.0.1.tgz#6a385fb8853d952d5ff05d0e8aaf94278dc63dcf"
  dependencies:
    ansi-regex "^2.0.0"

supports-color@^2.0.0:
  version "2.0.0"
  resolved "https://registry.yarnpkg.com/supports-color/-/supports-color-2.0.0.tgz#535d045ce6b6363fa40117084629995e9df324c7"

through2-filter@^2.0.0:
  version "2.0.0"
  resolved "https://registry.yarnpkg.com/through2-filter/-/through2-filter-2.0.0.tgz#60bc55a0dacb76085db1f9dae99ab43f83d622ec"
  dependencies:
    through2 "~2.0.0"
    xtend "~4.0.0"

through2@^0.6.3:
  version "0.6.5"
  resolved "https://registry.yarnpkg.com/through2/-/through2-0.6.5.tgz#41ab9c67b29d57209071410e1d7a7a968cd3ad48"
  dependencies:
    readable-stream ">=1.0.33-1 <1.1.0-0"
    xtend ">=4.0.0 <4.1.0-0"

through2@^2.0.0, through2@^2.0.1, through2@^2.0.2, through2@~2.0.0, through2@~2.0.3:
  version "2.0.3"
  resolved "https://registry.yarnpkg.com/through2/-/through2-2.0.3.tgz#0004569b37c7c74ba39c43f3ced78d1ad94140be"
  dependencies:
    readable-stream "^2.1.5"
    xtend "~4.0.1"

to-absolute-glob@^2.0.0:
  version "2.0.2"
  resolved "https://registry.yarnpkg.com/to-absolute-glob/-/to-absolute-glob-2.0.2.tgz#1865f43d9e74b0822db9f145b78cff7d0f7c849b"
  dependencies:
    is-absolute "^1.0.0"
    is-negated-glob "^1.0.0"

type-check@~0.3.2:
  version "0.3.2"
  resolved "https://registry.yarnpkg.com/type-check/-/type-check-0.3.2.tgz#5884cab512cf1d355e3fb784f30804b2b520db72"
  dependencies:
    prelude-ls "~1.1.2"

typedarray-to-buffer@~1.0.0:
  version "1.0.4"
  resolved "https://registry.yarnpkg.com/typedarray-to-buffer/-/typedarray-to-buffer-1.0.4.tgz#9bb8ba0e841fb3f4cf1fe7c245e9f3fa8a5fe99c"

typedarray@^0.0.6:
  version "0.0.6"
  resolved "https://registry.yarnpkg.com/typedarray/-/typedarray-0.0.6.tgz#867ac74e3864187b1d3d47d996a78ec5c8830777"

typewise-core@^1.2, typewise-core@^1.2.0:
  version "1.2.0"
  resolved "https://registry.yarnpkg.com/typewise-core/-/typewise-core-1.2.0.tgz#97eb91805c7f55d2f941748fa50d315d991ef195"

typewise@^1.0.3:
  version "1.0.3"
  resolved "https://registry.yarnpkg.com/typewise/-/typewise-1.0.3.tgz#1067936540af97937cc5dcf9922486e9fa284651"
  dependencies:
    typewise-core "^1.2.0"

typewiselite@~1.0.0:
  version "1.0.0"
  resolved "https://registry.yarnpkg.com/typewiselite/-/typewiselite-1.0.0.tgz#c8882fa1bb1092c06005a97f34ef5c8508e3664e"

ultron@1.0.x:
  version "1.0.2"
  resolved "https://registry.yarnpkg.com/ultron/-/ultron-1.0.2.tgz#ace116ab557cd197386a4e88f4685378c8b2e4fa"

ultron@~1.1.0:
  version "1.1.1"
  resolved "https://registry.yarnpkg.com/ultron/-/ultron-1.1.1.tgz#9fe1536a10a664a65266a1e3ccf85fd36302bc9c"

unc-path-regex@^0.1.2:
  version "0.1.2"
  resolved "https://registry.yarnpkg.com/unc-path-regex/-/unc-path-regex-0.1.2.tgz#e73dd3d7b0d7c5ed86fbac6b0ae7d8c6a69d50fa"

underscore@>=1.8.3:
  version "1.8.3"
  resolved "https://registry.yarnpkg.com/underscore/-/underscore-1.8.3.tgz#4f3fb53b106e6097fcf9cb4109f2a5e9bdfa5022"

unique-stream@^2.0.2:
  version "2.2.1"
  resolved "https://registry.yarnpkg.com/unique-stream/-/unique-stream-2.2.1.tgz#5aa003cfbe94c5ff866c4e7d668bb1c4dbadb369"
  dependencies:
    json-stable-stringify "^1.0.0"
    through2-filter "^2.0.0"

util-deprecate@~1.0.1:
  version "1.0.2"
  resolved "https://registry.yarnpkg.com/util-deprecate/-/util-deprecate-1.0.2.tgz#450d4dc9fa70de732762fbd2d4a28981419a0ccf"

uuid@^2.0.1:
  version "2.0.3"
  resolved "https://registry.yarnpkg.com/uuid/-/uuid-2.0.3.tgz#67e2e863797215530dff318e5bf9dcebfd47b21a"

uuid@^3.0.0:
  version "3.2.1"
  resolved "https://registry.yarnpkg.com/uuid/-/uuid-3.2.1.tgz#12c528bb9d58d0b9265d9a2f6f0fe8be17ff1f14"

websocket-stream@^3.0.1:
  version "3.3.3"
  resolved "https://registry.yarnpkg.com/websocket-stream/-/websocket-stream-3.3.3.tgz#361da5404a337e60cfbc29b4a46368762679df0b"
  dependencies:
    duplexify "^3.2.0"
    inherits "^2.0.1"
    through2 "^2.0.0"
    ws "^1.0.1"
    xtend "^4.0.0"

websocket-stream@^5.0.1:
  version "5.1.1"
  resolved "https://registry.yarnpkg.com/websocket-stream/-/websocket-stream-5.1.1.tgz#68d23916cdf53689cff73e213fa2178dbcea6169"
  dependencies:
    duplexify "^3.5.1"
    inherits "^2.0.1"
    readable-stream "^2.3.3"
    safe-buffer "^5.1.1"
    ws "^3.2.0"
    xtend "^4.0.0"

websocket-stream@~3.1.0:
  version "3.1.0"
  resolved "https://registry.yarnpkg.com/websocket-stream/-/websocket-stream-3.1.0.tgz#c6d9d13230b77e474c4b6736c295bba77cdd7f87"
  dependencies:
    duplexify "^3.2.0"
    inherits "^2.0.1"
    through2 "^2.0.0"
    ws "^1.0.1"
    xtend "^4.0.0"

wordwrap@~1.0.0:
  version "1.0.0"
  resolved "https://registry.yarnpkg.com/wordwrap/-/wordwrap-1.0.0.tgz#27584810891456a4171c8d0226441ade90cbcaeb"

wrappy@1:
  version "1.0.2"
  resolved "https://registry.yarnpkg.com/wrappy/-/wrappy-1.0.2.tgz#b5243d8f3ec1aa35f1364605bc0d1036e30ab69f"

ws@^1.0.1:
  version "1.1.5"
  resolved "https://registry.yarnpkg.com/ws/-/ws-1.1.5.tgz#cbd9e6e75e09fc5d2c90015f21f0c40875e0dd51"
  dependencies:
    options ">=0.0.5"
    ultron "1.0.x"

ws@^3.2.0:
  version "3.3.3"
  resolved "https://registry.yarnpkg.com/ws/-/ws-3.3.3.tgz#f1cf84fe2d5e901ebce94efaece785f187a228f2"
  dependencies:
    async-limiter "~1.0.0"
    safe-buffer "~5.1.0"
    ultron "~1.1.0"

"xtend@>=4.0.0 <4.1.0-0", xtend@^4.0.0, xtend@^4.0.1, xtend@~4.0.0, xtend@~4.0.1:
  version "4.0.1"
  resolved "https://registry.yarnpkg.com/xtend/-/xtend-4.0.1.tgz#a5c6d532be656e23db820efb943a1f04998d63af"

xtend@~2.1.2:
  version "2.1.2"
  resolved "https://registry.yarnpkg.com/xtend/-/xtend-2.1.2.tgz#6efecc2a4dad8e6962c4901b337ce7ba87b5d28b"
  dependencies:
    object-keys "~0.4.0"

xtend@~3.0.0:
  version "3.0.0"
  resolved "https://registry.yarnpkg.com/xtend/-/xtend-3.0.0.tgz#5cce7407baf642cba7becda568111c493f59665a"

yallist@^2.0.0, yallist@^2.1.2:
  version "2.1.2"
  resolved "https://registry.yarnpkg.com/yallist/-/yallist-2.1.2.tgz#1c11f9218f076089a47dd512f93c6699a6a81d52"
