{
	"requires": true,
	"lockfileVersion": 1,
	"dependencies": {
		"bel": {
			"version": "4.6.0",
			"resolved": "https://registry.npmjs.org/bel/-/bel-4.6.0.tgz",
			"integrity": "sha1-Ot4W4jarIgTY0cZurEvVc3k6yZk=",
			"requires": {
				"global": "4.3.2",
				"hyperx": "2.3.2",
				"on-load": "3.3.4"
			}
		},
		"dom-walk": {
			"version": "0.1.1",
			"resolved": "https://registry.npmjs.org/dom-walk/-/dom-walk-0.1.1.tgz",
			"integrity": "sha1-ZyIm3HTI95mtNTB9+TaroRrNYBg="
		},
		"global": {
			"version": "4.3.2",
			"resolved": "https://registry.npmjs.org/global/-/global-4.3.2.tgz",
			"integrity": "sha1-52mJJopsdMOJCLEwWxD8DjlOnQ8=",
			"requires": {
				"min-document": "2.19.0",
				"process": "0.5.2"
			}
		},
		"hyperscript-attribute-to-property": {
			"version": "1.0.0",
			"resolved": "https://registry.npmjs.org/hyperscript-attribute-to-property/-/hyperscript-attribute-to-property-1.0.0.tgz",
			"integrity": "sha1-glMI1Ju44pV5I/cxmBvMgRytev8="
		},
		"hyperx": {
			"version": "2.3.2",
			"resolved": "https://registry.npmjs.org/hyperx/-/hyperx-2.3.2.tgz",
			"integrity": "sha512-fYFJn0kVMHpkLJKzqGXfs0+p26NH0R3PsLWQGZ5Enbp1jcyEK9U9uJGnsRKPgBCoQ6bVzkV+srwHVFc2+pHfYQ==",
			"requires": {
				"hyperscript-attribute-to-property": "1.0.0"
			}
		},
		"min-document": {
			"version": "2.19.0",
			"resolved": "https://registry.npmjs.org/min-document/-/min-document-2.19.0.tgz",
			"integrity": "sha1-e9KC4/WELtKVu3SM3Z8f+iyCRoU=",
			"requires": {
				"dom-walk": "0.1.1"
			}
		},
		"morphdom": {
			"version": "2.3.3",
			"resolved": "https://registry.npmjs.org/morphdom/-/morphdom-2.3.3.tgz",
			"integrity": "sha512-z+/GEulEfhrSFPOJSum8o5lZNv63cAGBPeFHO2WgpGo636Ln67ZuVydp2q0iTaZIXdf5FDNP2ZY6uhtg+LjlsA=="
		},
		"nanoassert": {
			"version": "1.1.0",
			"resolved": "https://registry.npmjs.org/nanoassert/-/nanoassert-1.1.0.tgz",
			"integrity": "sha1-TzFS4JVA/eKMdvRLGbvNHVpCR40="
		},
		"on-load": {
			"version": "3.3.4",
			"resolved": "https://registry.npmjs.org/on-load/-/on-load-3.3.4.tgz",
			"integrity": "sha512-WhwvSW0hZndA7HjN1O3AypgaAahFPTOmJ43bQUTQHsiHhtp9/kk+WlMnd/skqBkWuiNcQqNwKo2ZiwwRWStJIA==",
			"requires": {
				"global": "4.3.2",
				"nanoassert": "1.1.0"
			}
		},
		"process": {
			"version": "0.5.2",
			"resolved": "https://registry.npmjs.org/process/-/process-0.5.2.tgz",
			"integrity": "sha1-FjjYqONML0QKkduVq5rrZ3/Bhc8="
		},
		"yo-yo": {
			"version": "1.4.1",
			"resolved": "https://registry.npmjs.org/yo-yo/-/yo-yo-1.4.1.tgz",
			"integrity": "sha1-nOSwD9iA5VM7Xn9GqT1o2RStb2Q=",
			"requires": {
				"bel": "4.6.0",
				"morphdom": "2.3.3"
			}
		}
	}
}
