# THIS IS AN AUTOGENERATED FILE. DO NOT EDIT THIS FILE DIRECTLY.
# yarn lockfile v1


bel@^4.0.0:
  version "4.6.0"
  resolved "https://registry.yarnpkg.com/bel/-/bel-4.6.0.tgz#3ade16e236ab2204d8d1c66eac4bd573793ac999"
  dependencies:
    global "^4.3.0"
    hyperx "^2.3.0"
    on-load "^3.2.0"

dom-walk@^0.1.0:
  version "0.1.1"
  resolved "https://registry.yarnpkg.com/dom-walk/-/dom-walk-0.1.1.tgz#672226dc74c8f799ad35307df936aba11acd6018"

global@^4.3.0, global@^4.3.2:
  version "4.3.2"
  resolved "https://registry.yarnpkg.com/global/-/global-4.3.2.tgz#e76989268a6c74c38908b1305b10fc0e394e9d0f"
  dependencies:
    min-document "^2.19.0"
    process "~0.5.1"

hyperscript-attribute-to-property@^1.0.0:
  version "1.0.0"
  resolved "https://registry.yarnpkg.com/hyperscript-attribute-to-property/-/hyperscript-attribute-to-property-1.0.0.tgz#825308d49bb8e2957923f731981bcc811cad7aff"

hyperx@^2.3.0:
  version "2.3.2"
  resolved "https://registry.yarnpkg.com/hyperx/-/hyperx-2.3.2.tgz#17518dad514209b3f7090f149c08a9a64386396e"
  dependencies:
    hyperscript-attribute-to-property "^1.0.0"

min-document@^2.19.0:
  version "2.19.0"
  resolved "https://registry.yarnpkg.com/min-document/-/min-document-2.19.0.tgz#7bd282e3f5842ed295bb748cdd9f1ffa2c824685"
  dependencies:
    dom-walk "^0.1.0"

morphdom@^2.1.0:
  version "2.3.3"
  resolved "https://registry.yarnpkg.com/morphdom/-/morphdom-2.3.3.tgz#70b0aec3db0832688f7fcbde2a8921cf508c4f16"

nanoassert@^1.1.0:
  version "1.1.0"
  resolved "https://registry.yarnpkg.com/nanoassert/-/nanoassert-1.1.0.tgz#4f3152e09540fde28c76f44b19bbcd1d5a42478d"

on-load@^3.2.0:
  version "3.3.4"
  resolved "https://registry.yarnpkg.com/on-load/-/on-load-3.3.4.tgz#bf559019dadf353452ff89b8cacf6eacc4ee2681"
  dependencies:
    global "^4.3.2"
    nanoassert "^1.1.0"

process@~0.5.1:
  version "0.5.2"
  resolved "https://registry.yarnpkg.com/process/-/process-0.5.2.tgz#1638d8a8e34c2f440a91db95ab9aeb677fc185cf"

yo-yo@^1.4.1:
  version "1.4.1"
  resolved "https://registry.yarnpkg.com/yo-yo/-/yo-yo-1.4.1.tgz#9ce4b00fd880e5533b5e7f46a93d68d914ad6f64"
  dependencies:
    bel "^4.0.0"
    morphdom "^2.1.0"
